{
  "name": "typescriptlibs.typedoc",
  "version": "0.19.6",
  "lockfileVersion": 2,
  "requires": true,
  "packages": {
    "": {
      "name": "typescriptlibs.typedoc",
      "version": "0.19.6",
      "license": "Apache-2.0",
      "dependencies": {
        "fs-extra": "^10.0.0",
        "handlebars": "^4.7.9",
        "highlight.js": "^11.4.0",
        "lunr": "^2.3.9",
        "marked": "^4.0.10",
        "progress": "^2.0.3",
        "semver": "^7.3.5",
        "typedoc-default-themes": "~0.11.4"
      },
      "bin": {
        "tsl-typedoc": "bin/typedoc"
      },
      "devDependencies": {
        "@types/fs-extra": "^9.0.13",
        "@types/lunr": "^2.3.4",
        "@types/marked": "^4.0.1",
        "@types/mocha": "^9.0.0",
        "@types/node": "^17.0.29",
        "@types/shelljs": "~0.8.11",
        "typescript": "~4.0.8"
      },
      "engines": {
        "node": ">=12.12.0"
      },
      "peerDependencies": {
        "typescript": "3.9.x||4.0.x"
      }
    },
    "node_modules/@types/fs-extra": {
      "version": "9.0.13",
      "resolved": "https://registry.npmjs.org/@types/fs-extra/-/fs-extra-9.0.13.tgz",
      "integrity": "sha512-nEnwB++1u5lVDM2UI4c1+5R+FYaKfaAzS4OococimjVm3nQw3TuzH5UNsocrcTBbhnerblyHj4A49qXbIiZdpA==",
      "dev": true,
      "dependencies": {
        "@types/node": "*"
      }
    },
    "node_modules/@types/glob": {
      "version": "7.2.0",
      "resolved": "https://registry.npmjs.org/@types/glob/-/glob-7.2.0.tgz",
      "integrity": "sha512-ZUxbzKl0IfJILTS6t7ip5fQQM/J3TJYubDm3nMbgubNNYS62eXeUpoLUC8/7fJNiFYHTrGPQn7hspDUzIHX3UA==",
      "dev": true,
      "dependencies": {
        "@types/minimatch": "*",
        "@types/node": "*"
      }
    },
    "node_modules/@types/lunr": {
      "version": "2.3.4",
      "resolved": "https://registry.npmjs.org/@types/lunr/-/lunr-2.3.4.tgz",
      "integrity": "sha512-j4x4XJwZvorEUbA519VdQ5b9AOU9TSvfi8tvxMAfP8XzNLtFex7A8vFQwqOx3WACbV0KMXbACV3cZl4/gynQ7g==",
      "dev": true
    },
    "node_modules/@types/marked": {
      "version": "4.0.1",
      "resolved": "https://registry.npmjs.org/@types/marked/-/marked-4.0.1.tgz",
      "integrity": "sha512-ZigEmCWdNUU7IjZEuQ/iaimYdDHWHfTe3kg8ORfKjyGYd9RWumPoOJRQXB0bO+XLkNwzCthW3wUIQtANaEZ1ag==",
      "dev": true
    },
    "node_modules/@types/minimatch": {
      "version": "3.0.5",
      "resolved": "https://registry.npmjs.org/@types/minimatch/-/minimatch-3.0.5.tgz",
      "integrity": "sha512-Klz949h02Gz2uZCMGwDUSDS1YBlTdDDgbWHi+81l29tQALUtvz4rAYi5uoVhE5Lagoq6DeqAUlbrHvW/mXDgdQ==",
      "dev": true
    },
    "node_modules/@types/mocha": {
      "version": "9.0.0",
      "resolved": "https://registry.npmjs.org/@types/mocha/-/mocha-9.0.0.tgz",
      "integrity": "sha512-scN0hAWyLVAvLR9AyW7HoFF5sJZglyBsbPuHO4fv7JRvfmPBMfp1ozWqOf/e4wwPNxezBZXRfWzMb6iFLgEVRA==",
      "dev": true
    },
    "node_modules/@types/node": {
      "version": "17.0.45",
      "resolved": "https://registry.npmjs.org/@types/node/-/node-17.0.45.tgz",
      "integrity": "sha512-w+tIMs3rq2afQdsPJlODhoUEKzFP1ayaoyl1CcnwtIlsVe7K7bA1NGm4s3PraqTLlXnbIN84zuBlxBWo1u9BLw==",
      "dev": true,
      "license": "MIT"
    },
    "node_modules/@types/shelljs": {
      "version": "0.8.11",
      "resolved": "https://registry.npmjs.org/@types/shelljs/-/shelljs-0.8.11.tgz",
      "integrity": "sha512-x9yaMvEh5BEaZKeVQC4vp3l+QoFj3BXcd4aYfuKSzIIyihjdVARAadYy3SMNIz0WCCdS2vB9JL/U6GQk5PaxQw==",
      "dev": true,
      "dependencies": {
        "@types/glob": "*",
        "@types/node": "*"
      }
    },
    "node_modules/fs-extra": {
      "version": "10.0.0",
      "resolved": "https://registry.npmjs.org/fs-extra/-/fs-extra-10.0.0.tgz",
      "integrity": "sha512-C5owb14u9eJwizKGdchcDUQeFtlSHHthBk8pbX9Vc1PFZrLombudjDnNns88aYslCyF6IY5SUw3Roz6xShcEIQ==",
      "dependencies": {
        "graceful-fs": "^4.2.0",
        "jsonfile": "^6.0.1",
        "universalify": "^2.0.0"
      },
      "engines": {
        "node": ">=12"
      }
    },
    "node_modules/graceful-fs": {
      "version": "4.2.9",
      "resolved": "https://registry.npmjs.org/graceful-fs/-/graceful-fs-4.2.9.tgz",
      "integrity": "sha512-NtNxqUcXgpW2iMrfqSfR73Glt39K+BLwWsPs94yR63v45T0Wbej7eRmL5cWfwEgqXnmjQp3zaJTshdRW/qC2ZQ=="
    },
    "node_modules/handlebars": {
      "version": "4.7.9",
      "resolved": "https://registry.npmjs.org/handlebars/-/handlebars-4.7.9.tgz",
      "integrity": "sha512-4E71E0rpOaQuJR2A3xDZ+GM1HyWYv1clR58tC8emQNeQe3RH7MAzSbat+V0wG78LQBo6m6bzSG/L4pBuCsgnUQ==",
      "dependencies": {
        "minimist": "^1.2.5",
        "neo-async": "^2.6.2",
        "source-map": "^0.6.1",
        "wordwrap": "^1.0.0"
      },
      "bin": {
        "handlebars": "bin/handlebars"
      },
      "engines": {
        "node": ">=0.4.7"
      },
      "optionalDependencies": {
        "uglify-js": "^3.1.4"
      }
    },
    "node_modules/highlight.js": {
      "version": "11.4.0",
      "resolved": "https://registry.npmjs.org/highlight.js/-/highlight.js-11.4.0.tgz",
      "integrity": "sha512-nawlpCBCSASs7EdvZOYOYVkJpGmAOKMYZgZtUqSRqodZE0GRVcFKwo1RcpeOemqh9hyttTdd5wDBwHkuSyUfnA==",
      "engines": {
        "node": ">=12.0.0"
      }
    },
    "node_modules/jsonfile": {
      "version": "6.1.0",
      "resolved": "https://registry.npmjs.org/jsonfile/-/jsonfile-6.1.0.tgz",
      "integrity": "sha512-5dgndWOriYSm5cnYaJNhalLNDKOqFwyDB/rr1E9ZsGciGvKPs8R2xYGCacuf3z6K1YKDz182fd+fY3cn3pMqXQ==",
      "dependencies": {
        "universalify": "^2.0.0"
      },
      "optionalDependencies": {
        "graceful-fs": "^4.1.6"
      }
    },
    "node_modules/lunr": {
      "version": "2.3.9",
      "resolved": "https://registry.npmjs.org/lunr/-/lunr-2.3.9.tgz",
      "integrity": "sha512-zTU3DaZaF3Rt9rhN3uBMGQD3dD2/vFQqnvZCDv4dl5iOzq2IZQqTxu90r4E5J+nP70J3ilqVCrbho2eWaeW8Ow=="
    },
    "node_modules/marked": {
      "version": "4.0.10",
      "resolved": "https://registry.npmjs.org/marked/-/marked-4.0.10.tgz",
      "integrity": "sha512-+QvuFj0nGgO970fySghXGmuw+Fd0gD2x3+MqCWLIPf5oxdv1Ka6b2q+z9RP01P/IaKPMEramy+7cNy/Lw8c3hw==",
      "bin": {
        "marked": "bin/marked.js"
      },
      "engines": {
        "node": ">= 12"
      }
    },
    "node_modules/minimist": {
      "version": "1.2.6",
      "resolved": "https://registry.npmjs.org/minimist/-/minimist-1.2.6.tgz",
      "integrity": "sha512-Jsjnk4bw3YJqYzbdyBiNsPWHPfO++UGG749Cxs6peCu5Xg4nrena6OVxOYxrQTqww0Jmwt+Ref8rggumkTLz9Q=="
    },
    "node_modules/neo-async": {
      "version": "2.6.2",
      "resolved": "https://registry.npmjs.org/neo-async/-/neo-async-2.6.2.tgz",
      "integrity": "sha512-Yd3UES5mWCSqR+qNT93S3UoYUkqAZ9lLg8a7g9rimsWmYGK8cVToA4/sF3RrshdyV3sAGMXVUmpMYOw+dLpOuw=="
    },
    "node_modules/progress": {
      "version": "2.0.3",
      "resolved": "https://registry.npmjs.org/progress/-/progress-2.0.3.tgz",
      "integrity": "sha512-7PiHtLll5LdnKIMw100I+8xJXR5gW2QwWYkT6iJva0bXitZKa/XMrSbdmg3r2Xnaidz9Qumd0VPaMrZlF9V9sA==",
      "engines": {
        "node": ">=0.4.0"
      }
    },
    "node_modules/semver": {
      "version": "7.7.4",
      "resolved": "https://registry.npmjs.org/semver/-/semver-7.7.4.tgz",
      "integrity": "sha512-vFKC2IEtQnVhpT78h1Yp8wzwrf8CM+MzKMHGJZfBtzhZNycRFnXsHk6E5TxIkkMsgNS7mdX3AGB7x2QM2di4lA==",
      "license": "ISC",
      "bin": {
        "semver": "bin/semver.js"
      },
      "engines": {
        "node": ">=10"
      }
    },
    "node_modules/source-map": {
      "version": "0.6.1",
      "resolved": "https://registry.npmjs.org/source-map/-/source-map-0.6.1.tgz",
      "integrity": "sha512-UjgapumWlbMhkBgzT7Ykc5YXUT46F0iKu8SGXq0bcwP5dz/h0Plj6enJqjz1Zbq2l5WaqYnrVbwWOWMyF3F47g==",
      "engines": {
        "node": ">=0.10.0"
      }
    },
    "node_modules/typedoc-default-themes": {
      "version": "0.11.4",
      "resolved": "https://registry.npmjs.org/typedoc-default-themes/-/typedoc-default-themes-0.11.4.tgz",
      "integrity": "sha512-Y4Lf+qIb9NTydrexlazAM46SSLrmrQRqWiD52593g53SsmUFioAsMWt8m834J6qsp+7wHRjxCXSZeiiW5cMUdw==",
      "engines": {
        "node": ">= 8"
      }
    },
    "node_modules/typescript": {
      "version": "4.0.8",
      "resolved": "https://registry.npmjs.org/typescript/-/typescript-4.0.8.tgz",
      "integrity": "sha512-oz1765PN+imfz1MlZzSZPtC/tqcwsCyIYA8L47EkRnRW97ztRk83SzMiWLrnChC0vqoYxSU1fcFUDA5gV/ZiPg==",
      "dev": true,
      "bin": {
        "tsc": "bin/tsc",
        "tsserver": "bin/tsserver"
      },
      "engines": {
        "node": ">=4.2.0"
      }
    },
    "node_modules/uglify-js": {
      "version": "3.14.5",
      "resolved": "https://registry.npmjs.org/uglify-js/-/uglify-js-3.14.5.tgz",
      "integrity": "sha512-qZukoSxOG0urUTvjc2ERMTcAy+BiFh3weWAkeurLwjrCba73poHmG3E36XEjd/JGukMzwTL7uCxZiAexj8ppvQ==",
      "optional": true,
      "bin": {
        "uglifyjs": "bin/uglifyjs"
      },
      "engines": {
        "node": ">=0.8.0"
      }
    },
    "node_modules/universalify": {
      "version": "2.0.0",
      "resolved": "https://registry.npmjs.org/universalify/-/universalify-2.0.0.tgz",
      "integrity": "sha512-hAZsKq7Yy11Zu1DE0OzWjw7nnLZmJZYTDZZyEFHZdUhV8FkH5MCfoU1XMaxXovpyW5nq5scPqq0ZDP9Zyl04oQ==",
      "engines": {
        "node": ">= 10.0.0"
      }
    },
    "node_modules/wordwrap": {
      "version": "1.0.0",
      "resolved": "https://registry.npmjs.org/wordwrap/-/wordwrap-1.0.0.tgz",
      "integrity": "sha1-J1hIEIkUVqQXHI0CJkQa3pDLyus="
    }
  },
  "dependencies": {
    "@types/fs-extra": {
      "version": "9.0.13",
      "resolved": "https://registry.npmjs.org/@types/fs-extra/-/fs-extra-9.0.13.tgz",
      "integrity": "sha512-nEnwB++1u5lVDM2UI4c1+5R+FYaKfaAzS4OococimjVm3nQw3TuzH5UNsocrcTBbhnerblyHj4A49qXbIiZdpA==",
      "dev": true,
      "requires": {
        "@types/node": "*"
      }
    },
    "@types/glob": {
      "version": "7.2.0",
      "resolved": "https://registry.npmjs.org/@types/glob/-/glob-7.2.0.tgz",
      "integrity": "sha512-ZUxbzKl0IfJILTS6t7ip5fQQM/J3TJYubDm3nMbgubNNYS62eXeUpoLUC8/7fJNiFYHTrGPQn7hspDUzIHX3UA==",
      "dev": true,
      "requires": {
        "@types/minimatch": "*",
        "@types/node": "*"
      }
    },
    "@types/lunr": {
      "version": "2.3.4",
      "resolved": "https://registry.npmjs.org/@types/lunr/-/lunr-2.3.4.tgz",
      "integrity": "sha512-j4x4XJwZvorEUbA519VdQ5b9AOU9TSvfi8tvxMAfP8XzNLtFex7A8vFQwqOx3WACbV0KMXbACV3cZl4/gynQ7g==",
      "dev": true
    },
    "@types/marked": {
      "version": "4.0.1",
      "resolved": "https://registry.npmjs.org/@types/marked/-/marked-4.0.1.tgz",
      "integrity": "sha512-ZigEmCWdNUU7IjZEuQ/iaimYdDHWHfTe3kg8ORfKjyGYd9RWumPoOJRQXB0bO+XLkNwzCthW3wUIQtANaEZ1ag==",
      "dev": true
    },
    "@types/minimatch": {
      "version": "3.0.5",
      "resolved": "https://registry.npmjs.org/@types/minimatch/-/minimatch-3.0.5.tgz",
      "integrity": "sha512-Klz949h02Gz2uZCMGwDUSDS1YBlTdDDgbWHi+81l29tQALUtvz4rAYi5uoVhE5Lagoq6DeqAUlbrHvW/mXDgdQ==",
      "dev": true
    },
    "@types/mocha": {
      "version": "9.0.0",
      "resolved": "https://registry.npmjs.org/@types/mocha/-/mocha-9.0.0.tgz",
      "integrity": "sha512-scN0hAWyLVAvLR9AyW7HoFF5sJZglyBsbPuHO4fv7JRvfmPBMfp1ozWqOf/e4wwPNxezBZXRfWzMb6iFLgEVRA==",
      "dev": true
    },
    "@types/node": {
      "version": "17.0.45",
      "resolved": "https://registry.npmjs.org/@types/node/-/node-17.0.45.tgz",
      "integrity": "sha512-w+tIMs3rq2afQdsPJlODhoUEKzFP1ayaoyl1CcnwtIlsVe7K7bA1NGm4s3PraqTLlXnbIN84zuBlxBWo1u9BLw==",
      "dev": true
    },
    "@types/shelljs": {
      "version": "0.8.11",
      "resolved": "https://registry.npmjs.org/@types/shelljs/-/shelljs-0.8.11.tgz",
      "integrity": "sha512-x9yaMvEh5BEaZKeVQC4vp3l+QoFj3BXcd4aYfuKSzIIyihjdVARAadYy3SMNIz0WCCdS2vB9JL/U6GQk5PaxQw==",
      "dev": true,
      "requires": {
        "@types/glob": "*",
        "@types/node": "*"
      }
    },
    "fs-extra": {
      "version": "10.0.0",
      "resolved": "https://registry.npmjs.org/fs-extra/-/fs-extra-10.0.0.tgz",
      "integrity": "sha512-C5owb14u9eJwizKGdchcDUQeFtlSHHthBk8pbX9Vc1PFZrLombudjDnNns88aYslCyF6IY5SUw3Roz6xShcEIQ==",
      "requires": {
        "graceful-fs": "^4.2.0",
        "jsonfile": "^6.0.1",
        "universalify": "^2.0.0"
      }
    },
    "graceful-fs": {
      "version": "4.2.9",
      "resolved": "https://registry.npmjs.org/graceful-fs/-/graceful-fs-4.2.9.tgz",
      "integrity": "sha512-NtNxqUcXgpW2iMrfqSfR73Glt39K+BLwWsPs94yR63v45T0Wbej7eRmL5cWfwEgqXnmjQp3zaJTshdRW/qC2ZQ=="
    },
    "handlebars": {
      "version": "4.7.9",
      "resolved": "https://registry.npmjs.org/handlebars/-/handlebars-4.7.9.tgz",
      "integrity": "sha512-4E71E0rpOaQuJR2A3xDZ+GM1HyWYv1clR58tC8emQNeQe3RH7MAzSbat+V0wG78LQBo6m6bzSG/L4pBuCsgnUQ==",
      "requires": {
        "minimist": "^1.2.5",
        "neo-async": "^2.6.2",
        "source-map": "^0.6.1",
        "uglify-js": "^3.1.4",
        "wordwrap": "^1.0.0"
      }
    },
    "highlight.js": {
      "version": "11.4.0",
      "resolved": "https://registry.npmjs.org/highlight.js/-/highlight.js-11.4.0.tgz",
      "integrity": "sha512-nawlpCBCSASs7EdvZOYOYVkJpGmAOKMYZgZtUqSRqodZE0GRVcFKwo1RcpeOemqh9hyttTdd5wDBwHkuSyUfnA=="
    },
    "jsonfile": {
      "version": "6.1.0",
      "resolved": "https://registry.npmjs.org/jsonfile/-/jsonfile-6.1.0.tgz",
      "integrity": "sha512-5dgndWOriYSm5cnYaJNhalLNDKOqFwyDB/rr1E9ZsGciGvKPs8R2xYGCacuf3z6K1YKDz182fd+fY3cn3pMqXQ==",
      "requires": {
        "graceful-fs": "^4.1.6",
        "universalify": "^2.0.0"
      }
    },
    "lunr": {
      "version": "2.3.9",
      "resolved": "https://registry.npmjs.org/lunr/-/lunr-2.3.9.tgz",
      "integrity": "sha512-zTU3DaZaF3Rt9rhN3uBMGQD3dD2/vFQqnvZCDv4dl5iOzq2IZQqTxu90r4E5J+nP70J3ilqVCrbho2eWaeW8Ow=="
    },
    "marked": {
      "version": "4.0.10",
      "resolved": "https://registry.npmjs.org/marked/-/marked-4.0.10.tgz",
      "integrity": "sha512-+QvuFj0nGgO970fySghXGmuw+Fd0gD2x3+MqCWLIPf5oxdv1Ka6b2q+z9RP01P/IaKPMEramy+7cNy/Lw8c3hw=="
    },
    "minimist": {
      "version": "1.2.6",
      "resolved": "https://registry.npmjs.org/minimist/-/minimist-1.2.6.tgz",
      "integrity": "sha512-Jsjnk4bw3YJqYzbdyBiNsPWHPfO++UGG749Cxs6peCu5Xg4nrena6OVxOYxrQTqww0Jmwt+Ref8rggumkTLz9Q=="
    },
    "neo-async": {
      "version": "2.6.2",
      "resolved": "https://registry.npmjs.org/neo-async/-/neo-async-2.6.2.tgz",
      "integrity": "sha512-Yd3UES5mWCSqR+qNT93S3UoYUkqAZ9lLg8a7g9rimsWmYGK8cVToA4/sF3RrshdyV3sAGMXVUmpMYOw+dLpOuw=="
    },
    "progress": {
      "version": "2.0.3",
      "resolved": "https://registry.npmjs.org/progress/-/progress-2.0.3.tgz",
      "integrity": "sha512-7PiHtLll5LdnKIMw100I+8xJXR5gW2QwWYkT6iJva0bXitZKa/XMrSbdmg3r2Xnaidz9Qumd0VPaMrZlF9V9sA=="
    },
    "semver": {
      "version": "7.7.4",
      "resolved": "https://registry.npmjs.org/semver/-/semver-7.7.4.tgz",
      "integrity": "sha512-vFKC2IEtQnVhpT78h1Yp8wzwrf8CM+MzKMHGJZfBtzhZNycRFnXsHk6E5TxIkkMsgNS7mdX3AGB7x2QM2di4lA=="
    },
    "source-map": {
      "version": "0.6.1",
      "resolved": "https://registry.npmjs.org/source-map/-/source-map-0.6.1.tgz",
      "integrity": "sha512-UjgapumWlbMhkBgzT7Ykc5YXUT46F0iKu8SGXq0bcwP5dz/h0Plj6enJqjz1Zbq2l5WaqYnrVbwWOWMyF3F47g=="
    },
    "typedoc-default-themes": {
      "version": "0.11.4",
      "resolved": "https://registry.npmjs.org/typedoc-default-themes/-/typedoc-default-themes-0.11.4.tgz",
      "integrity": "sha512-Y4Lf+qIb9NTydrexlazAM46SSLrmrQRqWiD52593g53SsmUFioAsMWt8m834J6qsp+7wHRjxCXSZeiiW5cMUdw=="
    },
    "typescript": {
      "version": "4.0.8",
      "resolved": "https://registry.npmjs.org/typescript/-/typescript-4.0.8.tgz",
      "integrity": "sha512-oz1765PN+imfz1MlZzSZPtC/tqcwsCyIYA8L47EkRnRW97ztRk83SzMiWLrnChC0vqoYxSU1fcFUDA5gV/ZiPg==",
      "dev": true
    },
    "uglify-js": {
      "version": "3.14.5",
      "resolved": "https://registry.npmjs.org/uglify-js/-/uglify-js-3.14.5.tgz",
      "integrity": "sha512-qZukoSxOG0urUTvjc2ERMTcAy+BiFh3weWAkeurLwjrCba73poHmG3E36XEjd/JGukMzwTL7uCxZiAexj8ppvQ==",
      "optional": true
    },
    "universalify": {
      "version": "2.0.0",
      "resolved": "https://registry.npmjs.org/universalify/-/universalify-2.0.0.tgz",
      "integrity": "sha512-hAZsKq7Yy11Zu1DE0OzWjw7nnLZmJZYTDZZyEFHZdUhV8FkH5MCfoU1XMaxXovpyW5nq5scPqq0ZDP9Zyl04oQ=="
    },
    "wordwrap": {
      "version": "1.0.0",
      "resolved": "https://registry.npmjs.org/wordwrap/-/wordwrap-1.0.0.tgz",
      "integrity": "sha1-J1hIEIkUVqQXHI0CJkQa3pDLyus="
    }
  }
}
